
Microsoft Visual Studio Solution File, Format Version 12.00
# Visual Studio Version 17
VisualStudioVersion = 17.3.32804.467
MinimumVisualStudioVersion = 10.0.40219.1
Project("{FAE04EC0-301F-11D3-BF4B-00C04F79EFBC}") = "Strings", "UnityJuniorDeveloper_ValenkevichVyacheslav\Strings.csproj", "{9460334C-5833-4790-8C9E-40505B1CBFCD}"
EndProject
Project("{FAE04EC0-301F-11D3-BF4B-00C04F79EFBC}") = "Pictures", "Pictures\Pictures.csproj", "{2346508F-CB37-42D2-820B-9AE83E35287F}"
EndProject
Project("{FAE04EC0-301F-11D3-BF4B-00C04F79EFBC}") = "SwappingValues", "SwappingValues\SwappingValues.csproj", "{BD9257B0-6086-451C-9490-99C51071AD2C}"
EndProject
Project("{FAE04EC0-301F-11D3-BF4B-00C04F79EFBC}") = "CrystalShop", "CrystalShop\CrystalShop.csproj", "{BCCEA04D-B621-4749-B50A-DBFDA4BE5FE1}"
EndProject
Project("{FAE04EC0-301F-11D3-BF4B-00C04F79EFBC}") = "QueueAtClinic", "QueueAtClinic\QueueAtClinic.csproj", "{F53B45D7-1F02-4449-8415-416F22AFE324}"
EndProject
Global
	GlobalSection(SolutionConfigurationPlatforms) = preSolution
		Debug|Any CPU = Debug|Any CPU
		Release|Any CPU = Release|Any CPU
	EndGlobalSection
	GlobalSection(ProjectConfigurationPlatforms) = postSolution
		{9460334C-5833-4790-8C9E-40505B1CBFCD}.Debug|Any CPU.ActiveCfg = Debug|Any CPU
		{9460334C-5833-4790-8C9E-40505B1CBFCD}.Debug|Any CPU.Build.0 = Debug|Any CPU
		{9460334C-5833-4790-8C9E-40505B1CBFCD}.Release|Any CPU.ActiveCfg = Release|Any CPU
		{9460334C-5833-4790-8C9E-40505B1CBFCD}.Release|Any CPU.Build.0 = Release|Any CPU
		{2346508F-CB37-42D2-820B-9AE83E35287F}.Debug|Any CPU.ActiveCfg = Debug|Any CPU
		{2346508F-CB37-42D2-820B-9AE83E35287F}.Debug|Any CPU.Build.0 = Debug|Any CPU
		{2346508F-CB37-42D2-820B-9AE83E35287F}.Release|Any CPU.ActiveCfg = Release|Any CPU
		{2346508F-CB37-42D2-820B-9AE83E35287F}.Release|Any CPU.Build.0 = Release|Any CPU
		{BD9257B0-6086-451C-9490-99C51071AD2C}.Debug|Any CPU.ActiveCfg = Debug|Any CPU
		{BD9257B0-6086-451C-9490-99C51071AD2C}.Debug|Any CPU.Build.0 = Debug|Any CPU
		{BD9257B0-6086-451C-9490-99C51071AD2C}.Release|Any CPU.ActiveCfg = Release|Any CPU
		{BD9257B0-6086-451C-9490-99C51071AD2C}.Release|Any CPU.Build.0 = Release|Any CPU
		{BCCEA04D-B621-4749-B50A-DBFDA4BE5FE1}.Debug|Any CPU.ActiveCfg = Debug|Any CPU
		{BCCEA04D-B621-4749-B50A-DBFDA4BE5FE1}.Debug|Any CPU.Build.0 = Debug|Any CPU
		{BCCEA04D-B621-4749-B50A-DBFDA4BE5FE1}.Release|Any CPU.ActiveCfg = Release|Any CPU
		{BCCEA04D-B621-4749-B50A-DBFDA4BE5FE1}.Release|Any CPU.Build.0 = Release|Any CPU
		{F53B45D7-1F02-4449-8415-416F22AFE324}.Debug|Any CPU.ActiveCfg = Debug|Any CPU
		{F53B45D7-1F02-4449-8415-416F22AFE324}.Debug|Any CPU.Build.0 = Debug|Any CPU
		{F53B45D7-1F02-4449-8415-416F22AFE324}.Release|Any CPU.ActiveCfg = Release|Any CPU
		{F53B45D7-1F02-4449-8415-416F22AFE324}.Release|Any CPU.Build.0 = Release|Any CPU
	EndGlobalSection
	GlobalSection(SolutionProperties) = preSolution
		HideSolutionNode = FALSE
	EndGlobalSection
	GlobalSection(ExtensibilityGlobals) = postSolution
		SolutionGuid = {C9AEA198-0FD0-4C57-B8E6-5DCA44FA3086}
	EndGlobalSection
EndGlobal
