
Microsoft Visual Studio Solution File, Format Version 12.00
# Visual Studio Version 17
VisualStudioVersion = 17.3.32804.467
MinimumVisualStudioVersion = 10.0.40219.1
Project("{FAE04EC0-301F-11D3-BF4B-00C04F79EFBC}") = "Strings", "UnityJuniorDeveloper_ValenkevichVyacheslav\Strings.csproj", "{9460334C-5833-4790-8C9E-40505B1CBFCD}"
EndProject
Project("{FAE04EC0-301F-11D3-BF4B-00C04F79EFBC}") = "Pictures", "Pictures\Pictures.csproj", "{2346508F-CB37-42D2-820B-9AE83E35287F}"
EndProject
Project("{FAE04EC0-301F-11D3-BF4B-00C04F79EFBC}") = "SwappingValues", "SwappingValues\SwappingValues.csproj", "{BD9257B0-6086-451C-9490-99C51071AD2C}"
EndProject
Project("{FAE04EC0-301F-11D3-BF4B-00C04F79EFBC}") = "CrystalShop", "CrystalShop\CrystalShop.csproj", "{BCCEA04D-B621-4749-B50A-DBFDA4BE5FE1}"
EndProject
Project("{FAE04EC0-301F-11D3-BF4B-00C04F79EFBC}") = "QueueAtClinic", "QueueAtClinic\QueueAtClinic.csproj", "{F53B45D7-1F02-4449-8415-416F22AFE324}"
EndProject
Project("{2150E333-8FDC-42A3-9474-1A3956D46DE8}") = "First.CSharp", "First.CSharp", "{FCC8478F-00F0-48EE-BED1-40960626EB26}"
EndProject
Project("{2150E333-8FDC-42A3-9474-1A3956D46DE8}") = "Second.CSharp", "Second.CSharp", "{3EED3E3C-264E-4314-8388-591CA86468CC}"
EndProject
Project("{FAE04EC0-301F-11D3-BF4B-00C04F79EFBC}") = "MasteringCycles", "MasteringCycles\MasteringCycles.csproj", "{A30E0748-5608-4F1C-A1F8-F101C515421E}"
EndProject
Project("{FAE04EC0-301F-11D3-BF4B-00C04F79EFBC}") = "ExitControl", "ExitControl\ExitControl.csproj", "{C1938B90-A51E-4F03-8004-F7C591208A55}"
EndProject
Project("{FAE04EC0-301F-11D3-BF4B-00C04F79EFBC}") = "Sequence", "Sequence\Sequence.csproj", "{F98AF85A-0D03-4641-901A-A318DC5B7E3B}"
EndProject
Project("{FAE04EC0-301F-11D3-BF4B-00C04F79EFBC}") = "SumOfNumbers", "SumOfNumbers\SumOfNumbers.csproj", "{8EC25147-43C8-42B4-AB96-BB8B6771D4E7}"
EndProject
Project("{FAE04EC0-301F-11D3-BF4B-00C04F79EFBC}") = "CurrencyConverter", "CurrencyConverter\CurrencyConverter.csproj", "{E31AC2AF-3E21-4A4D-AFD5-C52542DCCFD1}"
EndProject
Project("{FAE04EC0-301F-11D3-BF4B-00C04F79EFBC}") = "ConsoleMenu", "ConsoleMenu\ConsoleMenu.csproj", "{D0B820E8-9F47-4919-A65F-4A16F1601000}"
EndProject
Project("{FAE04EC0-301F-11D3-BF4B-00C04F79EFBC}") = "NameOutput", "NameOutput\NameOutput.csproj", "{A4E04FC3-42DE-4AB1-86F9-833D9A87E267}"
EndProject
Project("{FAE04EC0-301F-11D3-BF4B-00C04F79EFBC}") = "PowerOfTwo", "PowerOfTwo\PowerOfTwo.csproj", "{0624B960-567A-426F-9327-4965E6BDFEFE}"
EndProject
Project("{FAE04EC0-301F-11D3-BF4B-00C04F79EFBC}") = "BracketExpression", "BracketExpression\BracketExpression.csproj", "{E2791AC9-065B-4EA4-833A-3A34F6BDFBBF}"
EndProject
Project("{FAE04EC0-301F-11D3-BF4B-00C04F79EFBC}") = "PasswordProgram", "PasswordProgram\PasswordProgram.csproj", "{5D744B0E-1029-472A-93E3-E79E64E23076}"
EndProject
Project("{FAE04EC0-301F-11D3-BF4B-00C04F79EFBC}") = "Multiples", "Multiples\Multiples.csproj", "{E9187424-2B0B-47C1-BC73-E0C1841D1885}"
EndProject
Project("{FAE04EC0-301F-11D3-BF4B-00C04F79EFBC}") = "BossFight", "BossFight\BossFight.csproj", "{5D3736FE-19EF-4D6A-90D0-78F2CB13FF5E}"
EndProject
Project("{2150E333-8FDC-42A3-9474-1A3956D46DE8}") = "Third.CSharp", "Third.CSharp", "{CE315330-A965-47E9-9B6E-812CEC3BF2AF}"
EndProject
Project("{FAE04EC0-301F-11D3-BF4B-00C04F79EFBC}") = "WorkingWithSpecificRowsAndColumns", "WorkingWithSpecificRowsAndColumns\WorkingWithSpecificRowsAndColumns.csproj", "{045669AD-2A83-4F70-9F25-579E3248C4EE}"
EndProject
Project("{FAE04EC0-301F-11D3-BF4B-00C04F79EFBC}") = "LargestElement", "LargestElement\LargestElement.csproj", "{7B48D304-FC2D-4563-9D73-E72948C0BADB}"
EndProject
Project("{FAE04EC0-301F-11D3-BF4B-00C04F79EFBC}") = "LocalMaxima", "LocalMaxima\LocalMaxima.csproj", "{151504FC-B231-4358-AA38-BF07E263EE5A}"
EndProject
Project("{FAE04EC0-301F-11D3-BF4B-00C04F79EFBC}") = "DynamicArray", "DynamicArray\DynamicArray.csproj", "{6E4FBD4E-D70E-4079-A146-80B589E0B968}"
EndProject
Project("{FAE04EC0-301F-11D3-BF4B-00C04F79EFBC}") = "SubarrayOfRepetitionsOfNumbers", "SubarrayOfRepetitionsOfNumbers\SubarrayOfRepetitionsOfNumbers.csproj", "{B1CDB16A-0585-49FF-932B-12CC8CD43FDA}"
EndProject
Project("{FAE04EC0-301F-11D3-BF4B-00C04F79EFBC}") = "SortingNumbers", "SortingNumbers\SortingNumbers.csproj", "{0D155209-414E-4C22-97FC-FD3B8E60B583}"
EndProject
Project("{FAE04EC0-301F-11D3-BF4B-00C04F79EFBC}") = "Splitter", "Splitter\Splitter.csproj", "{26E72CBB-B763-4436-887C-C1BD00BF945F}"
EndProject
Project("{FAE04EC0-301F-11D3-BF4B-00C04F79EFBC}") = "ShiftArrayValues", "ShiftArrayValues\ShiftArrayValues.csproj", "{49772DA8-3D3D-4461-85BB-39AF3338D265}"
EndProject
Project("{2150E333-8FDC-42A3-9474-1A3956D46DE8}") = "Fourth.CSharp", "Fourth.CSharp", "{4B7D9FEF-3300-46C6-8685-6556E5275F73}"
EndProject
Project("{FAE04EC0-301F-11D3-BF4B-00C04F79EFBC}") = "PersonnelAccounting", "PersonnelAccounting\PersonnelAccounting.csproj", "{39519488-D664-4974-8D81-8F1447CC2B29}"
EndProject
Project("{FAE04EC0-301F-11D3-BF4B-00C04F79EFBC}") = "UiElement", "UiElement\UiElement.csproj", "{DBBD0726-8C1F-4528-955F-0058925E555A}"
EndProject
Project("{FAE04EC0-301F-11D3-BF4B-00C04F79EFBC}") = "ReadInt", "ReadInt\ReadInt.csproj", "{432868D1-84FC-4F08-BFFF-1B53E6E570E7}"
EndProject
Project("{FAE04EC0-301F-11D3-BF4B-00C04F79EFBC}") = "BraveNewWorld", "BraveNewWorld\BraveNewWorld.csproj", "{EF1637C8-FB4A-4127-AC20-4536EDA26616}"
EndProject
Project("{FAE04EC0-301F-11D3-BF4B-00C04F79EFBC}") = "KansasCityShuffle", "KansasCityShuffle\KansasCityShuffle.csproj", "{E596FD3F-EEF2-4C3A-9092-113218F00DF0}"
EndProject
Global
	GlobalSection(SolutionConfigurationPlatforms) = preSolution
		Debug|Any CPU = Debug|Any CPU
		Release|Any CPU = Release|Any CPU
	EndGlobalSection
	GlobalSection(ProjectConfigurationPlatforms) = postSolution
		{9460334C-5833-4790-8C9E-40505B1CBFCD}.Debug|Any CPU.ActiveCfg = Debug|Any CPU
		{9460334C-5833-4790-8C9E-40505B1CBFCD}.Debug|Any CPU.Build.0 = Debug|Any CPU
		{9460334C-5833-4790-8C9E-40505B1CBFCD}.Release|Any CPU.ActiveCfg = Release|Any CPU
		{9460334C-5833-4790-8C9E-40505B1CBFCD}.Release|Any CPU.Build.0 = Release|Any CPU
		{2346508F-CB37-42D2-820B-9AE83E35287F}.Debug|Any CPU.ActiveCfg = Debug|Any CPU
		{2346508F-CB37-42D2-820B-9AE83E35287F}.Debug|Any CPU.Build.0 = Debug|Any CPU
		{2346508F-CB37-42D2-820B-9AE83E35287F}.Release|Any CPU.ActiveCfg = Release|Any CPU
		{2346508F-CB37-42D2-820B-9AE83E35287F}.Release|Any CPU.Build.0 = Release|Any CPU
		{BD9257B0-6086-451C-9490-99C51071AD2C}.Debug|Any CPU.ActiveCfg = Debug|Any CPU
		{BD9257B0-6086-451C-9490-99C51071AD2C}.Debug|Any CPU.Build.0 = Debug|Any CPU
		{BD9257B0-6086-451C-9490-99C51071AD2C}.Release|Any CPU.ActiveCfg = Release|Any CPU
		{BD9257B0-6086-451C-9490-99C51071AD2C}.Release|Any CPU.Build.0 = Release|Any CPU
		{BCCEA04D-B621-4749-B50A-DBFDA4BE5FE1}.Debug|Any CPU.ActiveCfg = Debug|Any CPU
		{BCCEA04D-B621-4749-B50A-DBFDA4BE5FE1}.Debug|Any CPU.Build.0 = Debug|Any CPU
		{BCCEA04D-B621-4749-B50A-DBFDA4BE5FE1}.Release|Any CPU.ActiveCfg = Release|Any CPU
		{BCCEA04D-B621-4749-B50A-DBFDA4BE5FE1}.Release|Any CPU.Build.0 = Release|Any CPU
		{F53B45D7-1F02-4449-8415-416F22AFE324}.Debug|Any CPU.ActiveCfg = Debug|Any CPU
		{F53B45D7-1F02-4449-8415-416F22AFE324}.Debug|Any CPU.Build.0 = Debug|Any CPU
		{F53B45D7-1F02-4449-8415-416F22AFE324}.Release|Any CPU.ActiveCfg = Release|Any CPU
		{F53B45D7-1F02-4449-8415-416F22AFE324}.Release|Any CPU.Build.0 = Release|Any CPU
		{A30E0748-5608-4F1C-A1F8-F101C515421E}.Debug|Any CPU.ActiveCfg = Debug|Any CPU
		{A30E0748-5608-4F1C-A1F8-F101C515421E}.Debug|Any CPU.Build.0 = Debug|Any CPU
		{A30E0748-5608-4F1C-A1F8-F101C515421E}.Release|Any CPU.ActiveCfg = Release|Any CPU
		{A30E0748-5608-4F1C-A1F8-F101C515421E}.Release|Any CPU.Build.0 = Release|Any CPU
		{C1938B90-A51E-4F03-8004-F7C591208A55}.Debug|Any CPU.ActiveCfg = Debug|Any CPU
		{C1938B90-A51E-4F03-8004-F7C591208A55}.Debug|Any CPU.Build.0 = Debug|Any CPU
		{C1938B90-A51E-4F03-8004-F7C591208A55}.Release|Any CPU.ActiveCfg = Release|Any CPU
		{C1938B90-A51E-4F03-8004-F7C591208A55}.Release|Any CPU.Build.0 = Release|Any CPU
		{F98AF85A-0D03-4641-901A-A318DC5B7E3B}.Debug|Any CPU.ActiveCfg = Debug|Any CPU
		{F98AF85A-0D03-4641-901A-A318DC5B7E3B}.Debug|Any CPU.Build.0 = Debug|Any CPU
		{F98AF85A-0D03-4641-901A-A318DC5B7E3B}.Release|Any CPU.ActiveCfg = Release|Any CPU
		{F98AF85A-0D03-4641-901A-A318DC5B7E3B}.Release|Any CPU.Build.0 = Release|Any CPU
		{8EC25147-43C8-42B4-AB96-BB8B6771D4E7}.Debug|Any CPU.ActiveCfg = Debug|Any CPU
		{8EC25147-43C8-42B4-AB96-BB8B6771D4E7}.Debug|Any CPU.Build.0 = Debug|Any CPU
		{8EC25147-43C8-42B4-AB96-BB8B6771D4E7}.Release|Any CPU.ActiveCfg = Release|Any CPU
		{8EC25147-43C8-42B4-AB96-BB8B6771D4E7}.Release|Any CPU.Build.0 = Release|Any CPU
		{E31AC2AF-3E21-4A4D-AFD5-C52542DCCFD1}.Debug|Any CPU.ActiveCfg = Debug|Any CPU
		{E31AC2AF-3E21-4A4D-AFD5-C52542DCCFD1}.Debug|Any CPU.Build.0 = Debug|Any CPU
		{E31AC2AF-3E21-4A4D-AFD5-C52542DCCFD1}.Release|Any CPU.ActiveCfg = Release|Any CPU
		{E31AC2AF-3E21-4A4D-AFD5-C52542DCCFD1}.Release|Any CPU.Build.0 = Release|Any CPU
		{D0B820E8-9F47-4919-A65F-4A16F1601000}.Debug|Any CPU.ActiveCfg = Debug|Any CPU
		{D0B820E8-9F47-4919-A65F-4A16F1601000}.Debug|Any CPU.Build.0 = Debug|Any CPU
		{D0B820E8-9F47-4919-A65F-4A16F1601000}.Release|Any CPU.ActiveCfg = Release|Any CPU
		{D0B820E8-9F47-4919-A65F-4A16F1601000}.Release|Any CPU.Build.0 = Release|Any CPU
		{A4E04FC3-42DE-4AB1-86F9-833D9A87E267}.Debug|Any CPU.ActiveCfg = Debug|Any CPU
		{A4E04FC3-42DE-4AB1-86F9-833D9A87E267}.Debug|Any CPU.Build.0 = Debug|Any CPU
		{A4E04FC3-42DE-4AB1-86F9-833D9A87E267}.Release|Any CPU.ActiveCfg = Release|Any CPU
		{A4E04FC3-42DE-4AB1-86F9-833D9A87E267}.Release|Any CPU.Build.0 = Release|Any CPU
		{0624B960-567A-426F-9327-4965E6BDFEFE}.Debug|Any CPU.ActiveCfg = Debug|Any CPU
		{0624B960-567A-426F-9327-4965E6BDFEFE}.Debug|Any CPU.Build.0 = Debug|Any CPU
		{0624B960-567A-426F-9327-4965E6BDFEFE}.Release|Any CPU.ActiveCfg = Release|Any CPU
		{0624B960-567A-426F-9327-4965E6BDFEFE}.Release|Any CPU.Build.0 = Release|Any CPU
		{E2791AC9-065B-4EA4-833A-3A34F6BDFBBF}.Debug|Any CPU.ActiveCfg = Debug|Any CPU
		{E2791AC9-065B-4EA4-833A-3A34F6BDFBBF}.Debug|Any CPU.Build.0 = Debug|Any CPU
		{E2791AC9-065B-4EA4-833A-3A34F6BDFBBF}.Release|Any CPU.ActiveCfg = Release|Any CPU
		{E2791AC9-065B-4EA4-833A-3A34F6BDFBBF}.Release|Any CPU.Build.0 = Release|Any CPU
		{5D744B0E-1029-472A-93E3-E79E64E23076}.Debug|Any CPU.ActiveCfg = Debug|Any CPU
		{5D744B0E-1029-472A-93E3-E79E64E23076}.Debug|Any CPU.Build.0 = Debug|Any CPU
		{5D744B0E-1029-472A-93E3-E79E64E23076}.Release|Any CPU.ActiveCfg = Release|Any CPU
		{5D744B0E-1029-472A-93E3-E79E64E23076}.Release|Any CPU.Build.0 = Release|Any CPU
		{E9187424-2B0B-47C1-BC73-E0C1841D1885}.Debug|Any CPU.ActiveCfg = Debug|Any CPU
		{E9187424-2B0B-47C1-BC73-E0C1841D1885}.Debug|Any CPU.Build.0 = Debug|Any CPU
		{E9187424-2B0B-47C1-BC73-E0C1841D1885}.Release|Any CPU.ActiveCfg = Release|Any CPU
		{E9187424-2B0B-47C1-BC73-E0C1841D1885}.Release|Any CPU.Build.0 = Release|Any CPU
		{5D3736FE-19EF-4D6A-90D0-78F2CB13FF5E}.Debug|Any CPU.ActiveCfg = Debug|Any CPU
		{5D3736FE-19EF-4D6A-90D0-78F2CB13FF5E}.Debug|Any CPU.Build.0 = Debug|Any CPU
		{5D3736FE-19EF-4D6A-90D0-78F2CB13FF5E}.Release|Any CPU.ActiveCfg = Release|Any CPU
		{5D3736FE-19EF-4D6A-90D0-78F2CB13FF5E}.Release|Any CPU.Build.0 = Release|Any CPU
		{045669AD-2A83-4F70-9F25-579E3248C4EE}.Debug|Any CPU.ActiveCfg = Debug|Any CPU
		{045669AD-2A83-4F70-9F25-579E3248C4EE}.Debug|Any CPU.Build.0 = Debug|Any CPU
		{045669AD-2A83-4F70-9F25-579E3248C4EE}.Release|Any CPU.ActiveCfg = Release|Any CPU
		{045669AD-2A83-4F70-9F25-579E3248C4EE}.Release|Any CPU.Build.0 = Release|Any CPU
		{7B48D304-FC2D-4563-9D73-E72948C0BADB}.Debug|Any CPU.ActiveCfg = Debug|Any CPU
		{7B48D304-FC2D-4563-9D73-E72948C0BADB}.Debug|Any CPU.Build.0 = Debug|Any CPU
		{7B48D304-FC2D-4563-9D73-E72948C0BADB}.Release|Any CPU.ActiveCfg = Release|Any CPU
		{7B48D304-FC2D-4563-9D73-E72948C0BADB}.Release|Any CPU.Build.0 = Release|Any CPU
		{151504FC-B231-4358-AA38-BF07E263EE5A}.Debug|Any CPU.ActiveCfg = Debug|Any CPU
		{151504FC-B231-4358-AA38-BF07E263EE5A}.Debug|Any CPU.Build.0 = Debug|Any CPU
		{151504FC-B231-4358-AA38-BF07E263EE5A}.Release|Any CPU.ActiveCfg = Release|Any CPU
		{151504FC-B231-4358-AA38-BF07E263EE5A}.Release|Any CPU.Build.0 = Release|Any CPU
		{6E4FBD4E-D70E-4079-A146-80B589E0B968}.Debug|Any CPU.ActiveCfg = Debug|Any CPU
		{6E4FBD4E-D70E-4079-A146-80B589E0B968}.Debug|Any CPU.Build.0 = Debug|Any CPU
		{6E4FBD4E-D70E-4079-A146-80B589E0B968}.Release|Any CPU.ActiveCfg = Release|Any CPU
		{6E4FBD4E-D70E-4079-A146-80B589E0B968}.Release|Any CPU.Build.0 = Release|Any CPU
		{B1CDB16A-0585-49FF-932B-12CC8CD43FDA}.Debug|Any CPU.ActiveCfg = Debug|Any CPU
		{B1CDB16A-0585-49FF-932B-12CC8CD43FDA}.Debug|Any CPU.Build.0 = Debug|Any CPU
		{B1CDB16A-0585-49FF-932B-12CC8CD43FDA}.Release|Any CPU.ActiveCfg = Release|Any CPU
		{B1CDB16A-0585-49FF-932B-12CC8CD43FDA}.Release|Any CPU.Build.0 = Release|Any CPU
		{0D155209-414E-4C22-97FC-FD3B8E60B583}.Debug|Any CPU.ActiveCfg = Debug|Any CPU
		{0D155209-414E-4C22-97FC-FD3B8E60B583}.Debug|Any CPU.Build.0 = Debug|Any CPU
		{0D155209-414E-4C22-97FC-FD3B8E60B583}.Release|Any CPU.ActiveCfg = Release|Any CPU
		{0D155209-414E-4C22-97FC-FD3B8E60B583}.Release|Any CPU.Build.0 = Release|Any CPU
		{26E72CBB-B763-4436-887C-C1BD00BF945F}.Debug|Any CPU.ActiveCfg = Debug|Any CPU
		{26E72CBB-B763-4436-887C-C1BD00BF945F}.Debug|Any CPU.Build.0 = Debug|Any CPU
		{26E72CBB-B763-4436-887C-C1BD00BF945F}.Release|Any CPU.ActiveCfg = Release|Any CPU
		{26E72CBB-B763-4436-887C-C1BD00BF945F}.Release|Any CPU.Build.0 = Release|Any CPU
		{49772DA8-3D3D-4461-85BB-39AF3338D265}.Debug|Any CPU.ActiveCfg = Debug|Any CPU
		{49772DA8-3D3D-4461-85BB-39AF3338D265}.Debug|Any CPU.Build.0 = Debug|Any CPU
		{49772DA8-3D3D-4461-85BB-39AF3338D265}.Release|Any CPU.ActiveCfg = Release|Any CPU
		{49772DA8-3D3D-4461-85BB-39AF3338D265}.Release|Any CPU.Build.0 = Release|Any CPU
		{39519488-D664-4974-8D81-8F1447CC2B29}.Debug|Any CPU.ActiveCfg = Debug|Any CPU
		{39519488-D664-4974-8D81-8F1447CC2B29}.Debug|Any CPU.Build.0 = Debug|Any CPU
		{39519488-D664-4974-8D81-8F1447CC2B29}.Release|Any CPU.ActiveCfg = Release|Any CPU
		{39519488-D664-4974-8D81-8F1447CC2B29}.Release|Any CPU.Build.0 = Release|Any CPU
		{DBBD0726-8C1F-4528-955F-0058925E555A}.Debug|Any CPU.ActiveCfg = Debug|Any CPU
		{DBBD0726-8C1F-4528-955F-0058925E555A}.Debug|Any CPU.Build.0 = Debug|Any CPU
		{DBBD0726-8C1F-4528-955F-0058925E555A}.Release|Any CPU.ActiveCfg = Release|Any CPU
		{DBBD0726-8C1F-4528-955F-0058925E555A}.Release|Any CPU.Build.0 = Release|Any CPU
		{432868D1-84FC-4F08-BFFF-1B53E6E570E7}.Debug|Any CPU.ActiveCfg = Debug|Any CPU
		{432868D1-84FC-4F08-BFFF-1B53E6E570E7}.Debug|Any CPU.Build.0 = Debug|Any CPU
		{432868D1-84FC-4F08-BFFF-1B53E6E570E7}.Release|Any CPU.ActiveCfg = Release|Any CPU
		{432868D1-84FC-4F08-BFFF-1B53E6E570E7}.Release|Any CPU.Build.0 = Release|Any CPU
		{EF1637C8-FB4A-4127-AC20-4536EDA26616}.Debug|Any CPU.ActiveCfg = Debug|Any CPU
		{EF1637C8-FB4A-4127-AC20-4536EDA26616}.Debug|Any CPU.Build.0 = Debug|Any CPU
		{EF1637C8-FB4A-4127-AC20-4536EDA26616}.Release|Any CPU.ActiveCfg = Release|Any CPU
		{EF1637C8-FB4A-4127-AC20-4536EDA26616}.Release|Any CPU.Build.0 = Release|Any CPU
		{E596FD3F-EEF2-4C3A-9092-113218F00DF0}.Debug|Any CPU.ActiveCfg = Debug|Any CPU
		{E596FD3F-EEF2-4C3A-9092-113218F00DF0}.Debug|Any CPU.Build.0 = Debug|Any CPU
		{E596FD3F-EEF2-4C3A-9092-113218F00DF0}.Release|Any CPU.ActiveCfg = Release|Any CPU
		{E596FD3F-EEF2-4C3A-9092-113218F00DF0}.Release|Any CPU.Build.0 = Release|Any CPU
	EndGlobalSection
	GlobalSection(SolutionProperties) = preSolution
		HideSolutionNode = FALSE
	EndGlobalSection
	GlobalSection(NestedProjects) = preSolution
		{9460334C-5833-4790-8C9E-40505B1CBFCD} = {FCC8478F-00F0-48EE-BED1-40960626EB26}
		{2346508F-CB37-42D2-820B-9AE83E35287F} = {FCC8478F-00F0-48EE-BED1-40960626EB26}
		{BD9257B0-6086-451C-9490-99C51071AD2C} = {FCC8478F-00F0-48EE-BED1-40960626EB26}
		{BCCEA04D-B621-4749-B50A-DBFDA4BE5FE1} = {FCC8478F-00F0-48EE-BED1-40960626EB26}
		{F53B45D7-1F02-4449-8415-416F22AFE324} = {FCC8478F-00F0-48EE-BED1-40960626EB26}
		{A30E0748-5608-4F1C-A1F8-F101C515421E} = {3EED3E3C-264E-4314-8388-591CA86468CC}
		{C1938B90-A51E-4F03-8004-F7C591208A55} = {3EED3E3C-264E-4314-8388-591CA86468CC}
		{F98AF85A-0D03-4641-901A-A318DC5B7E3B} = {3EED3E3C-264E-4314-8388-591CA86468CC}
		{8EC25147-43C8-42B4-AB96-BB8B6771D4E7} = {3EED3E3C-264E-4314-8388-591CA86468CC}
		{E31AC2AF-3E21-4A4D-AFD5-C52542DCCFD1} = {3EED3E3C-264E-4314-8388-591CA86468CC}
		{D0B820E8-9F47-4919-A65F-4A16F1601000} = {3EED3E3C-264E-4314-8388-591CA86468CC}
		{A4E04FC3-42DE-4AB1-86F9-833D9A87E267} = {3EED3E3C-264E-4314-8388-591CA86468CC}
		{0624B960-567A-426F-9327-4965E6BDFEFE} = {3EED3E3C-264E-4314-8388-591CA86468CC}
		{E2791AC9-065B-4EA4-833A-3A34F6BDFBBF} = {3EED3E3C-264E-4314-8388-591CA86468CC}
		{5D744B0E-1029-472A-93E3-E79E64E23076} = {3EED3E3C-264E-4314-8388-591CA86468CC}
		{E9187424-2B0B-47C1-BC73-E0C1841D1885} = {3EED3E3C-264E-4314-8388-591CA86468CC}
		{5D3736FE-19EF-4D6A-90D0-78F2CB13FF5E} = {3EED3E3C-264E-4314-8388-591CA86468CC}
		{045669AD-2A83-4F70-9F25-579E3248C4EE} = {CE315330-A965-47E9-9B6E-812CEC3BF2AF}
		{7B48D304-FC2D-4563-9D73-E72948C0BADB} = {CE315330-A965-47E9-9B6E-812CEC3BF2AF}
		{151504FC-B231-4358-AA38-BF07E263EE5A} = {CE315330-A965-47E9-9B6E-812CEC3BF2AF}
		{6E4FBD4E-D70E-4079-A146-80B589E0B968} = {CE315330-A965-47E9-9B6E-812CEC3BF2AF}
		{B1CDB16A-0585-49FF-932B-12CC8CD43FDA} = {CE315330-A965-47E9-9B6E-812CEC3BF2AF}
		{0D155209-414E-4C22-97FC-FD3B8E60B583} = {CE315330-A965-47E9-9B6E-812CEC3BF2AF}
		{26E72CBB-B763-4436-887C-C1BD00BF945F} = {CE315330-A965-47E9-9B6E-812CEC3BF2AF}
		{49772DA8-3D3D-4461-85BB-39AF3338D265} = {CE315330-A965-47E9-9B6E-812CEC3BF2AF}
		{39519488-D664-4974-8D81-8F1447CC2B29} = {4B7D9FEF-3300-46C6-8685-6556E5275F73}
		{DBBD0726-8C1F-4528-955F-0058925E555A} = {4B7D9FEF-3300-46C6-8685-6556E5275F73}
		{432868D1-84FC-4F08-BFFF-1B53E6E570E7} = {4B7D9FEF-3300-46C6-8685-6556E5275F73}
		{EF1637C8-FB4A-4127-AC20-4536EDA26616} = {4B7D9FEF-3300-46C6-8685-6556E5275F73}
		{E596FD3F-EEF2-4C3A-9092-113218F00DF0} = {4B7D9FEF-3300-46C6-8685-6556E5275F73}
	EndGlobalSection
	GlobalSection(ExtensibilityGlobals) = postSolution
		SolutionGuid = {C9AEA198-0FD0-4C57-B8E6-5DCA44FA3086}
	EndGlobalSection
EndGlobal
