
Microsoft Visual Studio Solution File, Format Version 12.00
# Visual Studio Version 17
VisualStudioVersion = 17.3.32804.467
MinimumVisualStudioVersion = 10.0.40219.1
Project("{FAE04EC0-301F-11D3-BF4B-00C04F79EFBC}") = "UnityJuniorDeveloper_ValenkevichVyacheslav", "UnityJuniorDeveloper_ValenkevichVyacheslav\UnityJuniorDeveloper_ValenkevichVyacheslav.csproj", "{9460334C-5833-4790-8C9E-40505B1CBFCD}"
EndProject
Global
	GlobalSection(SolutionConfigurationPlatforms) = preSolution
		Debug|Any CPU = Debug|Any CPU
		Release|Any CPU = Release|Any CPU
	EndGlobalSection
	GlobalSection(ProjectConfigurationPlatforms) = postSolution
		{9460334C-5833-4790-8C9E-40505B1CBFCD}.Debug|Any CPU.ActiveCfg = Debug|Any CPU
		{9460334C-5833-4790-8C9E-40505B1CBFCD}.Debug|Any CPU.Build.0 = Debug|Any CPU
		{9460334C-5833-4790-8C9E-40505B1CBFCD}.Release|Any CPU.ActiveCfg = Release|Any CPU
		{9460334C-5833-4790-8C9E-40505B1CBFCD}.Release|Any CPU.Build.0 = Release|Any CPU
	EndGlobalSection
	GlobalSection(SolutionProperties) = preSolution
		HideSolutionNode = FALSE
	EndGlobalSection
	GlobalSection(ExtensibilityGlobals) = postSolution
		SolutionGuid = {C9AEA198-0FD0-4C57-B8E6-5DCA44FA3086}
	EndGlobalSection
EndGlobal
